
Microsoft Visual Studio Solution File, Format Version 12.00
# Visual Studio Version 16
VisualStudioVersion = 16.0.29613.14
MinimumVisualStudioVersion = 10.0.40219.1
Project("{FAE04EC0-301F-11D3-BF4B-00C04F79EFBC}") = "Demo", "Demo\Demo.csproj", "{1B2637E2-1661-4B43-851D-1EB6513AAC63}"
EndProject
Global
	GlobalSection(SolutionConfigurationPlatforms) = preSolution
		Debug|Any CPU = Debug|Any CPU
		Debug|x64 = Debug|x64
		Release|Any CPU = Release|Any CPU
		Release|x64 = Release|x64
	EndGlobalSection
	GlobalSection(ProjectConfigurationPlatforms) = postSolution
		{1B2637E2-1661-4B43-851D-1EB6513AAC63}.Debug|Any CPU.ActiveCfg = Debug|Any CPU
		{1B2637E2-1661-4B43-851D-1EB6513AAC63}.Debug|Any CPU.Build.0 = Debug|Any CPU
		{1B2637E2-1661-4B43-851D-1EB6513AAC63}.Debug|x64.ActiveCfg = Debug|x64
		{1B2637E2-1661-4B43-851D-1EB6513AAC63}.Debug|x64.Build.0 = Debug|x64
		{1B2637E2-1661-4B43-851D-1EB6513AAC63}.Release|Any CPU.ActiveCfg = Release|Any CPU
		{1B2637E2-1661-4B43-851D-1EB6513AAC63}.Release|Any CPU.Build.0 = Release|Any CPU
		{1B2637E2-1661-4B43-851D-1EB6513AAC63}.Release|x64.ActiveCfg = Release|x64
		{1B2637E2-1661-4B43-851D-1EB6513AAC63}.Release|x64.Build.0 = Release|x64
	EndGlobalSection
	GlobalSection(SolutionProperties) = preSolution
		HideSolutionNode = FALSE
	EndGlobalSection
	GlobalSection(ExtensibilityGlobals) = postSolution
		SolutionGuid = {BD0204A2-2E02-4C52-B5DA-54E69BA658B3}
	EndGlobalSection
EndGlobal
